[[package]]
name = "behave"
version = "1.2.6"
description = "behave is behaviour-driven development, Python style"
category = "dev"
optional = false
python-versions = ">=2.6, !=3.0.*, !=3.1.*, !=3.2.*"

[package.dependencies]
parse = ">=1.8.2"
parse-type = ">=0.4.2"
six = ">=1.11"

[package.extras]
develop = ["coverage", "invoke (>=0.21.0)", "modernize (>=0.5)", "path.py (>=8.1.2)", "pathlib", "pycmd", "pylint", "pytest (>=3.0)", "pytest-cov", "tox"]
docs = ["sphinx (>=1.6)", "sphinx-bootstrap-theme (>=0.6)"]

[[package]]
name = "parse"
version = "1.19.0"
description = "parse() is the opposite of format()"
category = "dev"
optional = false
python-versions = "*"

[[package]]
name = "parse-type"
version = "0.6.0"
description = "Simplifies to build parse types based on the parse module"
category = "dev"
optional = false
python-versions = ">=2.7, !=3.0.*, !=3.1.*"

[package.dependencies]
parse = {version = ">=1.18.0", markers = "python_version >= \"3.0\""}
six = ">=1.11"

[package.extras]
develop = ["coverage (>=4.4)", "pytest (<5.0)", "pytest (>=5.0)", "pytest-cov", "pytest-html (>=1.19.0)", "tox (>=2.8)"]
docs = ["sphinx (>=1.2)"]

[[package]]
name = "pyhamcrest"
version = "2.0.4"
description = "Hamcrest framework for matcher objects"
category = "dev"
optional = false
python-versions = ">=3.6"

[package.extras]
dev = ["black", "flake8", "pyhamcrest[docs,tests]", "pytest-mypy", "towncrier", "tox", "tox-asdf", "twine"]
docs = ["alabaster (>=0.7,<1.0)", "sphinx (>=4.0,<5.0)"]
tests = ["coverage[toml]", "dataclasses", "mypy (!=0.940)", "pytest (>=5.0)", "pytest-mypy-plugins", "pytest-sugar", "pytest-xdist", "types-dataclasses", "types-mock"]
tests-numpy = ["numpy", "pyhamcrest[tests]"]

[[package]]
name = "six"
version = "1.16.0"
description = "Python 2 and 3 compatibility utilities"
category = "dev"
optional = false
python-versions = ">=2.7, !=3.0.*, !=3.1.*, !=3.2.*"

[metadata]
lock-version = "1.1"
python-versions = "^3.9"
content-hash = "774265579f29271a1e1ad1530972c95c46c960abed9604241ee57a86a82cacdf"

[metadata.files]
behave = [
    {file = "behave-1.2.6-py2.py3-none-any.whl", hash = "sha256:ebda1a6c9e5bfe95c5f9f0a2794e01c7098b3dde86c10a95d8621c5907ff6f1c"},
    {file = "behave-1.2.6.tar.gz", hash = "sha256:b9662327aa53294c1351b0a9c369093ccec1d21026f050c3bd9b3e5cccf81a86"},
]
parse = [
    {file = "parse-1.19.0.tar.gz", hash = "sha256:9ff82852bcb65d139813e2a5197627a94966245c897796760a3a2a8eb66f020b"},
]
parse-type = [
    {file = "parse_type-0.6.0-py2.py3-none-any.whl", hash = "sha256:c148e88436bd54dab16484108e882be3367f44952c649c9cd6b82a7370b650cb"},
    {file = "parse_type-0.6.0.tar.gz", hash = "sha256:20b43c660e48ed47f433bce5873a2a3d4b9b6a7ba47bd7f7d2a7cec4bec5551f"},
]
pyhamcrest = [
    {file = "pyhamcrest-2.0.4-py3-none-any.whl", hash = "sha256:60a41d4783b9d56c9ec8586635d2301db5072b3ea8a51c32dd03c408ae2b0f79"},
    {file = "pyhamcrest-2.0.4.tar.gz", hash = "sha256:b5d9ce6b977696286cf232ce2adf8969b4d0b045975b0936ac9005e84e67e9c1"},
]
six = [
    {file = "six-1.16.0-py2.py3-none-any.whl", hash = "sha256:8abb2f1d86890a2dfb989f9a77cfcfd3e47c2a354b01111771326f8aa26e0254"},
    {file = "six-1.16.0.tar.gz", hash = "sha256:1e61c37477a1626458e36f7b1d82aa5c9b094fa4802892072e49de9c60c4c926"},
]
